
Microsoft Visual Studio Solution File, Format Version 12.00
# Visual Studio 15
Project("{FAE04EC0-301F-11D3-BF4B-00C04F79EFBC}") = "Assembly-CSharp", "Assembly-CSharp.csproj", "{CD88C2D1-5A61-0B96-9751-F5F8763BE093}"
EndProject
Project("{FAE04EC0-301F-11D3-BF4B-00C04F79EFBC}") = "Assembly-CSharp-Editor", "Assembly-CSharp-Editor.csproj", "{3454D364-EA8A-7D81-2974-19E13D6AB791}"
EndProject
Global
	GlobalSection(SolutionConfigurationPlatforms) = preSolution
		Debug|Any CPU = Debug|Any CPU
		Release|Any CPU = Release|Any CPU
	EndGlobalSection
	GlobalSection(ProjectConfigurationPlatforms) = postSolution
		{CD88C2D1-5A61-0B96-9751-F5F8763BE093}.Debug|Any CPU.ActiveCfg = Debug|Any CPU
		{CD88C2D1-5A61-0B96-9751-F5F8763BE093}.Debug|Any CPU.Build.0 = Debug|Any CPU
		{CD88C2D1-5A61-0B96-9751-F5F8763BE093}.Release|Any CPU.ActiveCfg = Release|Any CPU
		{CD88C2D1-5A61-0B96-9751-F5F8763BE093}.Release|Any CPU.Build.0 = Release|Any CPU
		{3454D364-EA8A-7D81-2974-19E13D6AB791}.Debug|Any CPU.ActiveCfg = Debug|Any CPU
		{3454D364-EA8A-7D81-2974-19E13D6AB791}.Debug|Any CPU.Build.0 = Debug|Any CPU
		{3454D364-EA8A-7D81-2974-19E13D6AB791}.Release|Any CPU.ActiveCfg = Release|Any CPU
		{3454D364-EA8A-7D81-2974-19E13D6AB791}.Release|Any CPU.Build.0 = Release|Any CPU
	EndGlobalSection
	GlobalSection(SolutionProperties) = preSolution
		HideSolutionNode = FALSE
	EndGlobalSection
EndGlobal
